{
  "name": "camunda-nextgen",
  "lockfileVersion": 3,
  "requires": true,
  "packages": {
    "": {
      "dependencies": {
        "@react-keycloak/web": "^3.4.0",
        "keycloak-js": "^26.0.5",
        "react-router-dom": "^6.27.0"
      }
    },
    "node_modules/@babel/runtime": {
      "version": "7.26.0",
      "resolved": "https://registry.npmjs.org/@babel/runtime/-/runtime-7.26.0.tgz",
      "integrity": "sha512-FDSOghenHTiToteC/QRlv2q3DhPZ/oOXTBoirfWNx1Cx3TMVcGWQtMMmQcSvb/JjpNeGzx8Pq/b4fKEJuWm1sw==",
      "dependencies": {
        "regenerator-runtime": "^0.14.0"
      },
      "engines": {
        "node": ">=6.9.0"
      }
    },
    "node_modules/@react-keycloak/core": {
      "version": "3.2.0",
      "resolved": "https://registry.npmjs.org/@react-keycloak/core/-/core-3.2.0.tgz",
      "integrity": "sha512-1yzU7gQzs+6E1v6hGqxy0Q+kpMHg9sEcke2yxZR29WoU8KNE8E50xS6UbI8N7rWsgyYw8r9W1cUPCOF48MYjzw==",
      "dependencies": {
        "react-fast-compare": "^3.2.0"
      },
      "funding": {
        "type": "patreon",
        "url": "https://www.patreon.com/reactkeycloak"
      },
      "peerDependencies": {
        "react": ">=16"
      }
    },
    "node_modules/@react-keycloak/web": {
      "version": "3.4.0",
      "resolved": "https://registry.npmjs.org/@react-keycloak/web/-/web-3.4.0.tgz",
      "integrity": "sha512-yKKSCyqBtn7dt+VckYOW1IM5NW999pPkxDZOXqJ6dfXPXstYhOQCkTZqh8l7UL14PkpsoaHDh7hSJH8whah01g==",
      "dependencies": {
        "@babel/runtime": "^7.9.0",
        "@react-keycloak/core": "^3.2.0",
        "hoist-non-react-statics": "^3.3.2"
      },
      "funding": {
        "type": "patreon",
        "url": "https://www.patreon.com/reactkeycloak"
      },
      "peerDependencies": {
        "keycloak-js": ">=9.0.2",
        "react": ">=16.8",
        "react-dom": ">=16.8",
        "typescript": ">=3.8"
      },
      "peerDependenciesMeta": {
        "typescript": {
          "optional": true
        }
      }
    },
    "node_modules/@remix-run/router": {
      "version": "1.20.0",
      "resolved": "https://registry.npmjs.org/@remix-run/router/-/router-1.20.0.tgz",
      "integrity": "sha512-mUnk8rPJBI9loFDZ+YzPGdeniYK+FTmRD1TMCz7ev2SNIozyKKpnGgsxO34u6Z4z/t0ITuu7voi/AshfsGsgFg==",
      "engines": {
        "node": ">=14.0.0"
      }
    },
    "node_modules/hoist-non-react-statics": {
      "version": "3.3.2",
      "resolved": "https://registry.npmjs.org/hoist-non-react-statics/-/hoist-non-react-statics-3.3.2.tgz",
      "integrity": "sha512-/gGivxi8JPKWNm/W0jSmzcMPpfpPLc3dY/6GxhX2hQ9iGj3aDfklV4ET7NjKpSinLpJ5vafa9iiGIEZg10SfBw==",
      "dependencies": {
        "react-is": "^16.7.0"
      }
    },
    "node_modules/keycloak-js": {
      "version": "26.0.5",
      "resolved": "https://registry.npmjs.org/keycloak-js/-/keycloak-js-26.0.5.tgz",
      "integrity": "sha512-3biQ5e+yX8EkU3+2ZO+YbWl0emooXt1wyKgZdGCFW8gT0oKeQh/AK6R9a53ACWBzDVoTBI+0GbXP2jF1sFMznw=="
    },
    "node_modules/react-fast-compare": {
      "version": "3.2.2",
      "resolved": "https://registry.npmjs.org/react-fast-compare/-/react-fast-compare-3.2.2.tgz",
      "integrity": "sha512-nsO+KSNgo1SbJqJEYRE9ERzo7YtYbou/OqjSQKxV7jcKox7+usiUVZOAC+XnDOABXggQTno0Y1CpVnuWEc1boQ=="
    },
    "node_modules/react-is": {
      "version": "16.13.1",
      "resolved": "https://registry.npmjs.org/react-is/-/react-is-16.13.1.tgz",
      "integrity": "sha512-24e6ynE2H+OKt4kqsOvNd8kBpV65zoxbA4BVsEOB3ARVWQki/DHzaUoC5KuON/BiccDaCCTZBuOcfZs70kR8bQ=="
    },
    "node_modules/react-router": {
      "version": "6.27.0",
      "resolved": "https://registry.npmjs.org/react-router/-/react-router-6.27.0.tgz",
      "integrity": "sha512-YA+HGZXz4jaAkVoYBE98VQl+nVzI+cVI2Oj/06F5ZM+0u3TgedN9Y9kmMRo2mnkSK2nCpNQn0DVob4HCsY/WLw==",
      "dependencies": {
        "@remix-run/router": "1.20.0"
      },
      "engines": {
        "node": ">=14.0.0"
      },
      "peerDependencies": {
        "react": ">=16.8"
      }
    },
    "node_modules/react-router-dom": {
      "version": "6.27.0",
      "resolved": "https://registry.npmjs.org/react-router-dom/-/react-router-dom-6.27.0.tgz",
      "integrity": "sha512-+bvtFWMC0DgAFrfKXKG9Fc+BcXWRUO1aJIihbB79xaeq0v5UzfvnM5houGUm1Y461WVRcgAQ+Clh5rdb1eCx4g==",
      "dependencies": {
        "@remix-run/router": "1.20.0",
        "react-router": "6.27.0"
      },
      "engines": {
        "node": ">=14.0.0"
      },
      "peerDependencies": {
        "react": ">=16.8",
        "react-dom": ">=16.8"
      }
    },
    "node_modules/regenerator-runtime": {
      "version": "0.14.1",
      "resolved": "https://registry.npmjs.org/regenerator-runtime/-/regenerator-runtime-0.14.1.tgz",
      "integrity": "sha512-dYnhHh0nJoMfnkZs6GmmhFknAGRrLznOu5nc9ML+EJxGvrx6H7teuevqVqCuPcPK//3eDrrjQhehXVx9cnkGdw=="
    }
  }
}
